
Microsoft Visual Studio Solution File, Format Version 12.00
# Visual Studio Version 17
VisualStudioVersion = 17.1.32319.34
MinimumVisualStudioVersion = 10.0.40219.1
Project("{FAE04EC0-301F-11D3-BF4B-00C04F79EFBC}") = "Coding", "Coding\Coding.csproj", "{49A59FBE-4624-4A08-A888-37E8C5661C13}"
EndProject
Global
	GlobalSection(SolutionConfigurationPlatforms) = preSolution
		Debug|Any CPU = Debug|Any CPU
		Release|Any CPU = Release|Any CPU
	EndGlobalSection
	GlobalSection(ProjectConfigurationPlatforms) = postSolution
		{49A59FBE-4624-4A08-A888-37E8C5661C13}.Debug|Any CPU.ActiveCfg = Debug|Any CPU
		{49A59FBE-4624-4A08-A888-37E8C5661C13}.Debug|Any CPU.Build.0 = Debug|Any CPU
		{49A59FBE-4624-4A08-A888-37E8C5661C13}.Release|Any CPU.ActiveCfg = Release|Any CPU
		{49A59FBE-4624-4A08-A888-37E8C5661C13}.Release|Any CPU.Build.0 = Release|Any CPU
	EndGlobalSection
	GlobalSection(SolutionProperties) = preSolution
		HideSolutionNode = FALSE
	EndGlobalSection
	GlobalSection(ExtensibilityGlobals) = postSolution
		SolutionGuid = {BFDD0325-AAD8-4560-A911-8DDAA20C81C0}
	EndGlobalSection
EndGlobal
